
Microsoft Visual Studio Solution File, Format Version 12.00
# Visual Studio Version 17
VisualStudioVersion = 17.7.34202.233
MinimumVisualStudioVersion = 10.0.40219.1
Project("{FAE04EC0-301F-11D3-BF4B-00C04F79EFBC}") = "LCHack", "LCHack\LCHack.csproj", "{32E14692-5CA1-4355-B110-BE108DF0C490}"
EndProject
Global
	GlobalSection(SolutionConfigurationPlatforms) = preSolution
		Debug|Any CPU = Debug|Any CPU
		Release|Any CPU = Release|Any CPU
	EndGlobalSection
	GlobalSection(ProjectConfigurationPlatforms) = postSolution
		{32E14692-5CA1-4355-B110-BE108DF0C490}.Debug|Any CPU.ActiveCfg = Debug|Any CPU
		{32E14692-5CA1-4355-B110-BE108DF0C490}.Debug|Any CPU.Build.0 = Debug|Any CPU
		{32E14692-5CA1-4355-B110-BE108DF0C490}.Release|Any CPU.ActiveCfg = Release|Any CPU
		{32E14692-5CA1-4355-B110-BE108DF0C490}.Release|Any CPU.Build.0 = Release|Any CPU
	EndGlobalSection
	GlobalSection(SolutionProperties) = preSolution
		HideSolutionNode = FALSE
	EndGlobalSection
	GlobalSection(ExtensibilityGlobals) = postSolution
		SolutionGuid = {8F6EA2FB-315F-4529-99A6-D91FAB6240E8}
	EndGlobalSection
EndGlobal
